
Microsoft Visual Studio Solution File, Format Version 12.00
# Visual Studio 15
VisualStudioVersion = 15.0.28010.2046
MinimumVisualStudioVersion = 10.0.40219.1
Project("{FAE04EC0-301F-11D3-BF4B-00C04F79EFBC}") = "SecureFile", "securefile\SecureFile.csproj", "{D634E2A2-2688-4090-9B42-F3AA6E404627}"
EndProject
Global
	GlobalSection(SolutionConfigurationPlatforms) = preSolution
		Debug|Any CPU = Debug|Any CPU
		Release|Any CPU = Release|Any CPU
	EndGlobalSection
	GlobalSection(ProjectConfigurationPlatforms) = postSolution
		{D634E2A2-2688-4090-9B42-F3AA6E404627}.Debug|Any CPU.ActiveCfg = Debug|Any CPU
		{D634E2A2-2688-4090-9B42-F3AA6E404627}.Debug|Any CPU.Build.0 = Debug|Any CPU
		{D634E2A2-2688-4090-9B42-F3AA6E404627}.Release|Any CPU.ActiveCfg = Release|Any CPU
		{D634E2A2-2688-4090-9B42-F3AA6E404627}.Release|Any CPU.Build.0 = Release|Any CPU
	EndGlobalSection
	GlobalSection(SolutionProperties) = preSolution
		HideSolutionNode = FALSE
	EndGlobalSection
	GlobalSection(ExtensibilityGlobals) = postSolution
		SolutionGuid = {B17208A7-CEE2-4BA3-B0B2-54DBD5C8665A}
	EndGlobalSection
EndGlobal
